
Microsoft Visual Studio Solution File, Format Version 12.00
# Visual Studio Version 17
VisualStudioVersion = 17.2.32602.215
MinimumVisualStudioVersion = 10.0.40219.1
Project("{FAE04EC0-301F-11D3-BF4B-00C04F79EFBC}") = "AutomaticRstrui", "AutomaticRstrui\AutomaticRstrui.csproj", "{836715EE-37B0-4B95-98AA-CDE72712AA4E}"
EndProject
Global
	GlobalSection(SolutionConfigurationPlatforms) = preSolution
		Debug|Any CPU = Debug|Any CPU
		Debug|x64 = Debug|x64
		Release|Any CPU = Release|Any CPU
		Release|x64 = Release|x64
	EndGlobalSection
	GlobalSection(ProjectConfigurationPlatforms) = postSolution
		{836715EE-37B0-4B95-98AA-CDE72712AA4E}.Debug|Any CPU.ActiveCfg = Debug|Any CPU
		{836715EE-37B0-4B95-98AA-CDE72712AA4E}.Debug|Any CPU.Build.0 = Debug|Any CPU
		{836715EE-37B0-4B95-98AA-CDE72712AA4E}.Debug|x64.ActiveCfg = Debug|x64
		{836715EE-37B0-4B95-98AA-CDE72712AA4E}.Debug|x64.Build.0 = Debug|x64
		{836715EE-37B0-4B95-98AA-CDE72712AA4E}.Release|Any CPU.ActiveCfg = Release|Any CPU
		{836715EE-37B0-4B95-98AA-CDE72712AA4E}.Release|Any CPU.Build.0 = Release|Any CPU
		{836715EE-37B0-4B95-98AA-CDE72712AA4E}.Release|x64.ActiveCfg = Release|x64
		{836715EE-37B0-4B95-98AA-CDE72712AA4E}.Release|x64.Build.0 = Release|x64
	EndGlobalSection
	GlobalSection(SolutionProperties) = preSolution
		HideSolutionNode = FALSE
	EndGlobalSection
	GlobalSection(ExtensibilityGlobals) = postSolution
		SolutionGuid = {3A33C619-49D2-4B03-8A1F-A35C6F2CC3D4}
	EndGlobalSection
EndGlobal
